
Microsoft Visual Studio Solution File, Format Version 12.00
Project("{FAE04EC0-301F-11D3-BF4B-00C04F79EFBC}") = "Carparkr", "Carparkr\Carparkr.csproj", "{61F8667B-B22F-4357-995D-CE4C83090226}"
EndProject
Project("{2150E333-8FDC-42A3-9474-1A3956D46DE8}") = "Solution Items", "Solution Items", "{976EF918-30CB-4170-9E54-DD30E657573D}"
	ProjectSection(SolutionItems) = preProject
		compose.yaml = compose.yaml
	EndProjectSection
EndProject
Global
	GlobalSection(SolutionConfigurationPlatforms) = preSolution
		Debug|Any CPU = Debug|Any CPU
		Release|Any CPU = Release|Any CPU
	EndGlobalSection
	GlobalSection(ProjectConfigurationPlatforms) = postSolution
		{61F8667B-B22F-4357-995D-CE4C83090226}.Debug|Any CPU.ActiveCfg = Debug|Any CPU
		{61F8667B-B22F-4357-995D-CE4C83090226}.Debug|Any CPU.Build.0 = Debug|Any CPU
		{61F8667B-B22F-4357-995D-CE4C83090226}.Release|Any CPU.ActiveCfg = Release|Any CPU
		{61F8667B-B22F-4357-995D-CE4C83090226}.Release|Any CPU.Build.0 = Release|Any CPU
	EndGlobalSection
EndGlobal
