
Microsoft Visual Studio Solution File, Format Version 12.00
Project("{FAE04EC0-301F-11D3-BF4B-00C04F79EFBC}") = "Carparkr.API", "Carparkr.API\Carparkr.API.csproj", "{61F8667B-B22F-4357-995D-CE4C83090226}"
EndProject
Project("{2150E333-8FDC-42A3-9474-1A3956D46DE8}") = "Solution Items", "Solution Items", "{976EF918-30CB-4170-9E54-DD30E657573D}"
	ProjectSection(SolutionItems) = preProject
		compose.yaml = compose.yaml
	EndProjectSection
EndProject
Project("{FAE04EC0-301F-11D3-BF4B-00C04F79EFBC}") = "Carparkr.Domain", "Carparkr.Domain\Carparkr.Domain.csproj", "{C89503AA-9D7E-44AA-AEFB-56B4AB4773BA}"
EndProject
Project("{2150E333-8FDC-42A3-9474-1A3956D46DE8}") = "Tests", "Tests", "{AD6B591A-7C69-4C1B-8C72-413B322A7CF5}"
EndProject
Project("{FAE04EC0-301F-11D3-BF4B-00C04F79EFBC}") = "Carparkr.Domain.Tests", "Carparkr.Domain.Tests\Carparkr.Domain.Tests.csproj", "{245AFEF2-B861-4295-A7F0-26335B31A257}"
EndProject
Project("{FAE04EC0-301F-11D3-BF4B-00C04F79EFBC}") = "Carparkr.Persistence", "Carparkr.Persistence\Carparkr.Persistence.csproj", "{EA988FDA-D421-4D48-9B8F-BAFDC01E0643}"
EndProject
Project("{FAE04EC0-301F-11D3-BF4B-00C04F79EFBC}") = "Carparkr.Persistence.Tests", "Carparkr.Persistence.Tests\Carparkr.Persistence.Tests.csproj", "{03148758-9B75-4B4F-A925-C4D376BBC51B}"
EndProject
Global
	GlobalSection(SolutionConfigurationPlatforms) = preSolution
		Debug|Any CPU = Debug|Any CPU
		Release|Any CPU = Release|Any CPU
	EndGlobalSection
	GlobalSection(ProjectConfigurationPlatforms) = postSolution
		{61F8667B-B22F-4357-995D-CE4C83090226}.Debug|Any CPU.ActiveCfg = Debug|Any CPU
		{61F8667B-B22F-4357-995D-CE4C83090226}.Debug|Any CPU.Build.0 = Debug|Any CPU
		{61F8667B-B22F-4357-995D-CE4C83090226}.Release|Any CPU.ActiveCfg = Release|Any CPU
		{61F8667B-B22F-4357-995D-CE4C83090226}.Release|Any CPU.Build.0 = Release|Any CPU
		{C89503AA-9D7E-44AA-AEFB-56B4AB4773BA}.Debug|Any CPU.ActiveCfg = Debug|Any CPU
		{C89503AA-9D7E-44AA-AEFB-56B4AB4773BA}.Debug|Any CPU.Build.0 = Debug|Any CPU
		{C89503AA-9D7E-44AA-AEFB-56B4AB4773BA}.Release|Any CPU.ActiveCfg = Release|Any CPU
		{C89503AA-9D7E-44AA-AEFB-56B4AB4773BA}.Release|Any CPU.Build.0 = Release|Any CPU
		{245AFEF2-B861-4295-A7F0-26335B31A257}.Debug|Any CPU.ActiveCfg = Debug|Any CPU
		{245AFEF2-B861-4295-A7F0-26335B31A257}.Debug|Any CPU.Build.0 = Debug|Any CPU
		{245AFEF2-B861-4295-A7F0-26335B31A257}.Release|Any CPU.ActiveCfg = Release|Any CPU
		{245AFEF2-B861-4295-A7F0-26335B31A257}.Release|Any CPU.Build.0 = Release|Any CPU
		{EA988FDA-D421-4D48-9B8F-BAFDC01E0643}.Debug|Any CPU.ActiveCfg = Debug|Any CPU
		{EA988FDA-D421-4D48-9B8F-BAFDC01E0643}.Debug|Any CPU.Build.0 = Debug|Any CPU
		{EA988FDA-D421-4D48-9B8F-BAFDC01E0643}.Release|Any CPU.ActiveCfg = Release|Any CPU
		{EA988FDA-D421-4D48-9B8F-BAFDC01E0643}.Release|Any CPU.Build.0 = Release|Any CPU
		{03148758-9B75-4B4F-A925-C4D376BBC51B}.Debug|Any CPU.ActiveCfg = Debug|Any CPU
		{03148758-9B75-4B4F-A925-C4D376BBC51B}.Debug|Any CPU.Build.0 = Debug|Any CPU
		{03148758-9B75-4B4F-A925-C4D376BBC51B}.Release|Any CPU.ActiveCfg = Release|Any CPU
		{03148758-9B75-4B4F-A925-C4D376BBC51B}.Release|Any CPU.Build.0 = Release|Any CPU
	EndGlobalSection
	GlobalSection(NestedProjects) = preSolution
		{245AFEF2-B861-4295-A7F0-26335B31A257} = {AD6B591A-7C69-4C1B-8C72-413B322A7CF5}
		{03148758-9B75-4B4F-A925-C4D376BBC51B} = {AD6B591A-7C69-4C1B-8C72-413B322A7CF5}
	EndGlobalSection
EndGlobal
